
Microsoft Visual Studio Solution File, Format Version 12.00
# Visual Studio Version 17
VisualStudioVersion = 17.2.32616.157
MinimumVisualStudioVersion = 10.0.40219.1
Project("{FAE04EC0-301F-11D3-BF4B-00C04F79EFBC}") = "NoteApp", "NoteApp\NoteApp.csproj", "{3FB7C1B3-6839-4137-A738-0D7576C61831}"
EndProject
Project("{FAE04EC0-301F-11D3-BF4B-00C04F79EFBC}") = "NoteAppRepository", "NoteAppRepository\NoteAppRepository.csproj", "{B78D56DD-DB86-49F1-B52B-D55442E23554}"
EndProject
Global
	GlobalSection(SolutionConfigurationPlatforms) = preSolution
		Debug|Any CPU = Debug|Any CPU
		Release|Any CPU = Release|Any CPU
	EndGlobalSection
	GlobalSection(ProjectConfigurationPlatforms) = postSolution
		{3FB7C1B3-6839-4137-A738-0D7576C61831}.Debug|Any CPU.ActiveCfg = Debug|Any CPU
		{3FB7C1B3-6839-4137-A738-0D7576C61831}.Debug|Any CPU.Build.0 = Debug|Any CPU
		{3FB7C1B3-6839-4137-A738-0D7576C61831}.Release|Any CPU.ActiveCfg = Release|Any CPU
		{3FB7C1B3-6839-4137-A738-0D7576C61831}.Release|Any CPU.Build.0 = Release|Any CPU
		{B78D56DD-DB86-49F1-B52B-D55442E23554}.Debug|Any CPU.ActiveCfg = Debug|Any CPU
		{B78D56DD-DB86-49F1-B52B-D55442E23554}.Debug|Any CPU.Build.0 = Debug|Any CPU
		{B78D56DD-DB86-49F1-B52B-D55442E23554}.Release|Any CPU.ActiveCfg = Release|Any CPU
		{B78D56DD-DB86-49F1-B52B-D55442E23554}.Release|Any CPU.Build.0 = Release|Any CPU
	EndGlobalSection
	GlobalSection(SolutionProperties) = preSolution
		HideSolutionNode = FALSE
	EndGlobalSection
	GlobalSection(ExtensibilityGlobals) = postSolution
		SolutionGuid = {3C71718B-4416-4FA3-82CB-005773E163F5}
	EndGlobalSection
EndGlobal
